// !$*UTF8*$!
{
	archiveVersion = 1;
	classes = {
	};
	objectVersion = 50;
	objects = {

/* Begin PBXBuildFile section */
		C3E609692448C4250064A7FF /* AppDelegate.swift in Sources */ = {isa = PBXBuildFile; fileRef = C3E609682448C4250064A7FF /* AppDelegate.swift */; };
		C3E6096B2448C4250064A7FF /* SceneDelegate.swift in Sources */ = {isa = PBXBuildFile; fileRef = C3E6096A2448C4250064A7FF /* SceneDelegate.swift */; };
		C3E6096D2448C4250064A7FF /* ViewController.swift in Sources */ = {isa = PBXBuildFile; fileRef = C3E6096C2448C4250064A7FF /* ViewController.swift */; };
		C3E609702448C4250064A7FF /* Main.storyboard in Resources */ = {isa = PBXBuildFile; fileRef = C3E6096E2448C4250064A7FF /* Main.storyboard */; };
		C3E609722448C4280064A7FF /* Assets.xcassets in Resources */ = {isa = PBXBuildFile; fileRef = C3E609712448C4280064A7FF /* Assets.xcassets */; };
		C3E609752448C4280064A7FF /* LaunchScreen.storyboard in Resources */ = {isa = PBXBuildFile; fileRef = C3E609732448C4280064A7FF /* LaunchScreen.storyboard */; };
		C3E609802448C4280064A7FF /* MyPropertiesTests.swift in Sources */ = {isa = PBXBuildFile; fileRef = C3E6097F2448C4280064A7FF /* MyPropertiesTests.swift */; };
/* End PBXBuildFile section */

/* Begin PBXContainerItemProxy section */
		C3E6097C2448C4280064A7FF /* PBXContainerItemProxy */ = {
			isa = PBXContainerItemProxy;
			containerPortal = C3E6095D2448C4250064A7FF /* Project object */;
			proxyType = 1;
			remoteGlobalIDString = C3E609642448C4250064A7FF;
			remoteInfo = MyProperties;
		};
/* End PBXContainerItemProxy section */

/* Begin PBXFileReference section */
		C3E609652448C4250064A7FF /* MyProperties.app */ = {isa = PBXFileReference; explicitFileType = wrapper.application; includeInIndex = 0; path = MyProperties.app; sourceTree = BUILT_PRODUCTS_DIR; };
		C3E609682448C4250064A7FF /* AppDelegate.swift */ = {isa = PBXFileReference; lastKnownFileType = sourcecode.swift; path = AppDelegate.swift; sourceTree = "<group>"; };
		C3E6096A2448C4250064A7FF /* SceneDelegate.swift */ = {isa = PBXFileReference; lastKnownFileType = sourcecode.swift; path = SceneDelegate.swift; sourceTree = "<group>"; };
		C3E6096C2448C4250064A7FF /* ViewController.swift */ = {isa = PBXFileReference; lastKnownFileType = sourcecode.swift; path = ViewController.swift; sourceTree = "<group>"; };
		C3E6096F2448C4250064A7FF /* Base */ = {isa = PBXFileReference; lastKnownFileType = file.storyboard; name = Base; path = Base.lproj/Main.storyboard; sourceTree = "<group>"; };
		C3E609712448C4280064A7FF /* Assets.xcassets */ = {isa = PBXFileReference; lastKnownFileType = folder.assetcatalog; path = Assets.xcassets; sourceTree = "<group>"; };
		C3E609742448C4280064A7FF /* Base */ = {isa = PBXFileReference; lastKnownFileType = file.storyboard; name = Base; path = Base.lproj/LaunchScreen.storyboard; sourceTree = "<group>"; };
		C3E609762448C4280064A7FF /* Info.plist */ = {isa = PBXFileReference; lastKnownFileType = text.plist.xml; path = Info.plist; sourceTree = "<group>"; };
		C3E6097B2448C4280064A7FF /* MyPropertiesTests.xctest */ = {isa = PBXFileReference; explicitFileType = wrapper.cfbundle; includeInIndex = 0; path = MyPropertiesTests.xctest; sourceTree = BUILT_PRODUCTS_DIR; };
		C3E6097F2448C4280064A7FF /* MyPropertiesTests.swift */ = {isa = PBXFileReference; lastKnownFileType = sourcecode.swift; path = MyPropertiesTests.swift; sourceTree = "<group>"; };
		C3E609812448C4280064A7FF /* Info.plist */ = {isa = PBXFileReference; lastKnownFileType = text.plist.xml; path = Info.plist; sourceTree = "<group>"; };
/* End PBXFileReference section */

/* Begin PBXFrameworksBuildPhase section */
		C3E609622448C4250064A7FF /* Frameworks */ = {
			isa = PBXFrameworksBuildPhase;
			buildActionMask = 2147483647;
			files = (
			);
			runOnlyForDeploymentPostprocessing = 0;
		};
		C3E609782448C4280064A7FF /* Frameworks */ = {
			isa = PBXFrameworksBuildPhase;
			buildActionMask = 2147483647;
			files = (
			);
			runOnlyForDeploymentPostprocessing = 0;
		};
/* End PBXFrameworksBuildPhase section */

/* Begin PBXGroup section */
		C3E6095C2448C4250064A7FF = {
			isa = PBXGroup;
			children = (
				C3E609672448C4250064A7FF /* MyProperties */,
				C3E6097E2448C4280064A7FF /* MyPropertiesTests */,
				C3E609662448C4250064A7FF /* Products */,
			);
			sourceTree = "<group>";
		};
		C3E609662448C4250064A7FF /* Products */ = {
			isa = PBXGroup;
			children = (
				C3E609652448C4250064A7FF /* MyProperties.app */,
				C3E6097B2448C4280064A7FF /* MyPropertiesTests.xctest */,
			);
			name = Products;
			sourceTree = "<group>";
		};
		C3E609672448C4250064A7FF /* MyProperties */ = {
			isa = PBXGroup;
			children = (
				C3E609682448C4250064A7FF /* AppDelegate.swift */,
				C3E6096A2448C4250064A7FF /* SceneDelegate.swift */,
				C3E6096C2448C4250064A7FF /* ViewController.swift */,
				C3E6096E2448C4250064A7FF /* Main.storyboard */,
				C3E609712448C4280064A7FF /* Assets.xcassets */,
				C3E609732448C4280064A7FF /* LaunchScreen.storyboard */,
				C3E609762448C4280064A7FF /* Info.plist */,
			);
			path = MyProperties;
			sourceTree = "<group>";
		};
		C3E6097E2448C4280064A7FF /* MyPropertiesTests */ = {
			isa = PBXGroup;
			children = (
				C3E6097F2448C4280064A7FF /* MyPropertiesTests.swift */,
				C3E609812448C4280064A7FF /* Info.plist */,
			);
			path = MyPropertiesTests;
			sourceTree = "<group>";
		};
/* End PBXGroup section */

/* Begin PBXNativeTarget section */
		C3E609642448C4250064A7FF /* MyProperties */ = {
			isa = PBXNativeTarget;
			buildConfigurationList = C3E609842448C4280064A7FF /* Build configuration list for PBXNativeTarget "MyProperties" */;
			buildPhases = (
				C3E609612448C4250064A7FF /* Sources */,
				C3E609622448C4250064A7FF /* Frameworks */,
				C3E609632448C4250064A7FF /* Resources */,
			);
			buildRules = (
			);
			dependencies = (
			);
			name = MyProperties;
			productName = MyProperties;
			productReference = C3E609652448C4250064A7FF /* MyProperties.app */;
			productType = "com.apple.product-type.application";
		};
		C3E6097A2448C4280064A7FF /* MyPropertiesTests */ = {
			isa = PBXNativeTarget;
			buildConfigurationList = C3E609872448C4280064A7FF /* Build configuration list for PBXNativeTarget "MyPropertiesTests" */;
			buildPhases = (
				C3E609772448C4280064A7FF /* Sources */,
				C3E609782448C4280064A7FF /* Frameworks */,
				C3E609792448C4280064A7FF /* Resources */,
			);
			buildRules = (
			);
			dependencies = (
				C3E6097D2448C4280064A7FF /* PBXTargetDependency */,
			);
			name = MyPropertiesTests;
			productName = MyPropertiesTests;
			productReference = C3E6097B2448C4280064A7FF /* MyPropertiesTests.xctest */;
			productType = "com.apple.product-type.bundle.unit-test";
		};
/* End PBXNativeTarget section */

/* Begin PBXProject section */
		C3E6095D2448C4250064A7FF /* Project object */ = {
			isa = PBXProject;
			attributes = {
				LastSwiftUpdateCheck = 1140;
				LastUpgradeCheck = 1140;
				ORGANIZATIONNAME = "praveen velanati";
				TargetAttributes = {
					C3E609642448C4250064A7FF = {
						CreatedOnToolsVersion = 11.4;
					};
					C3E6097A2448C4280064A7FF = {
						CreatedOnToolsVersion = 11.4;
						TestTargetID = C3E609642448C4250064A7FF;
					};
				};
			};
			buildConfigurationList = C3E609602448C4250064A7FF /* Build configuration list for PBXProject "MyProperties" */;
			compatibilityVersion = "Xcode 9.3";
			developmentRegion = en;
			hasScannedForEncodings = 0;
			knownRegions = (
				en,
				Base,
			);
			mainGroup = C3E6095C2448C4250064A7FF;
			productRefGroup = C3E609662448C4250064A7FF /* Products */;
			projectDirPath = "";
			projectRoot = "";
			targets = (
				C3E609642448C4250064A7FF /* MyProperties */,
				C3E6097A2448C4280064A7FF /* MyPropertiesTests */,
			);
		};
/* End PBXProject section */

/* Begin PBXResourcesBuildPhase section */
		C3E609632448C4250064A7FF /* Resources */ = {
			isa = PBXResourcesBuildPhase;
			buildActionMask = 2147483647;
			files = (
				C3E609752448C4280064A7FF /* LaunchScreen.storyboard in Resources */,
				C3E609722448C4280064A7FF /* Assets.xcassets in Resources */,
				C3E609702448C4250064A7FF /* Main.storyboard in Resources */,
			);
			runOnlyForDeploymentPostprocessing = 0;
		};
		C3E609792448C4280064A7FF /* Resources */ = {
			isa = PBXResourcesBuildPhase;
			buildActionMask = 2147483647;
			files = (
			);
			runOnlyForDeploymentPostprocessing = 0;
		};
/* End PBXResourcesBuildPhase section */

/* Begin PBXSourcesBuildPhase section */
		C3E609612448C4250064A7FF /* Sources */ = {
			isa = PBXSourcesBuildPhase;
			buildActionMask = 2147483647;
			files = (
				C3E6096D2448C4250064A7FF /* ViewController.swift in Sources */,
				C3E609692448C4250064A7FF /* AppDelegate.swift in Sources */,
				C3E6096B2448C4250064A7FF /* SceneDelegate.swift in Sources */,
			);
			runOnlyForDeploymentPostprocessing = 0;
		};
		C3E609772448C4280064A7FF /* Sources */ = {
			isa = PBXSourcesBuildPhase;
			buildActionMask = 2147483647;
			files = (
				C3E609802448C4280064A7FF /* MyPropertiesTests.swift in Sources */,
			);
			runOnlyForDeploymentPostprocessing = 0;
		};
/* End PBXSourcesBuildPhase section */

/* Begin PBXTargetDependency section */
		C3E6097D2448C4280064A7FF /* PBXTargetDependency */ = {
			isa = PBXTargetDependency;
			target = C3E609642448C4250064A7FF /* MyProperties */;
			targetProxy = C3E6097C2448C4280064A7FF /* PBXContainerItemProxy */;
		};
/* End PBXTargetDependency section */

/* Begin PBXVariantGroup section */
		C3E6096E2448C4250064A7FF /* Main.storyboard */ = {
			isa = PBXVariantGroup;
			children = (
				C3E6096F2448C4250064A7FF /* Base */,
			);
			name = Main.storyboard;
			sourceTree = "<group>";
		};
		C3E609732448C4280064A7FF /* LaunchScreen.storyboard */ = {
			isa = PBXVariantGroup;
			children = (
				C3E609742448C4280064A7FF /* Base */,
			);
			name = LaunchScreen.storyboard;
			sourceTree = "<group>";
		};
/* End PBXVariantGroup section */

/* Begin XCBuildConfiguration section */
		C3E609822448C4280064A7FF /* Debug */ = {
			isa = XCBuildConfiguration;
			buildSettings = {
				ALWAYS_SEARCH_USER_PATHS = NO;
				CLANG_ANALYZER_NONNULL = YES;
				CLANG_ANALYZER_NUMBER_OBJECT_CONVERSION = YES_AGGRESSIVE;
				CLANG_CXX_LANGUAGE_STANDARD = "gnu++14";
				CLANG_CXX_LIBRARY = "libc++";
				CLANG_ENABLE_MODULES = YES;
				CLANG_ENABLE_OBJC_ARC = YES;
				CLANG_ENABLE_OBJC_WEAK = YES;
				CLANG_WARN_BLOCK_CAPTURE_AUTORELEASING = YES;
				CLANG_WARN_BOOL_CONVERSION = YES;
				CLANG_WARN_COMMA = YES;
				CLANG_WARN_CONSTANT_CONVERSION = YES;
				CLANG_WARN_DEPRECATED_OBJC_IMPLEMENTATIONS = YES;
				CLANG_WARN_DIRECT_OBJC_ISA_USAGE = YES_ERROR;
				CLANG_WARN_DOCUMENTATION_COMMENTS = YES;
				CLANG_WARN_EMPTY_BODY = YES;
				CLANG_WARN_ENUM_CONVERSION = YES;
				CLANG_WARN_INFINITE_RECURSION = YES;
				CLANG_WARN_INT_CONVERSION = YES;
				CLANG_WARN_NON_LITERAL_NULL_CONVERSION = YES;
				CLANG_WARN_OBJC_IMPLICIT_RETAIN_SELF = YES;
				CLANG_WARN_OBJC_LITERAL_CONVERSION = YES;
				CLANG_WARN_OBJC_ROOT_CLASS = YES_ERROR;
				CLANG_WARN_RANGE_LOOP_ANALYSIS = YES;
				CLANG_WARN_STRICT_PROTOTYPES = YES;
				CLANG_WARN_SUSPICIOUS_MOVE = YES;
				CLANG_WARN_UNGUARDED_AVAILABILITY = YES_AGGRESSIVE;
				CLANG_WARN_UNREACHABLE_CODE = YES;
				CLANG_WARN__DUPLICATE_METHOD_MATCH = YES;
				COPY_PHASE_STRIP = NO;
				DEBUG_INFORMATION_FORMAT = dwarf;
				ENABLE_STRICT_OBJC_MSGSEND = YES;
				ENABLE_TESTABILITY = YES;
				GCC_C_LANGUAGE_STANDARD = gnu11;
				GCC_DYNAMIC_NO_PIC = NO;
				GCC_NO_COMMON_BLOCKS = YES;
				GCC_OPTIMIZATION_LEVEL = 0;
				GCC_PREPROCESSOR_DEFINITIONS = (
					"DEBUG=1",
					"$(inherited)",
				);
				GCC_WARN_64_TO_32_BIT_CONVERSION = YES;
				GCC_WARN_ABOUT_RETURN_TYPE = YES_ERROR;
				GCC_WARN_UNDECLARED_SELECTOR = YES;
				GCC_WARN_UNINITIALIZED_AUTOS = YES_AGGRESSIVE;
				GCC_WARN_UNUSED_FUNCTION = YES;
				GCC_WARN_UNUSED_VARIABLE = YES;
				IPHONEOS_DEPLOYMENT_TARGET = 13.4;
				MTL_ENABLE_DEBUG_INFO = INCLUDE_SOURCE;
				MTL_FAST_MATH = YES;
				ONLY_ACTIVE_ARCH = YES;
				SDKROOT = iphoneos;
				SWIFT_ACTIVE_COMPILATION_CONDITIONS = DEBUG;
				SWIFT_OPTIMIZATION_LEVEL = "-Onone";
			};
			name = Debug;
		};
		C3E609832448C4280064A7FF /* Release */ = {
			isa = XCBuildConfiguration;
			buildSettings = {
				ALWAYS_SEARCH_USER_PATHS = NO;
				CLANG_ANALYZER_NONNULL = YES;
				CLANG_ANALYZER_NUMBER_OBJECT_CONVERSION = YES_AGGRESSIVE;
				CLANG_CXX_LANGUAGE_STANDARD = "gnu++14";
				CLANG_CXX_LIBRARY = "libc++";
				CLANG_ENABLE_MODULES = YES;
				CLANG_ENABLE_OBJC_ARC = YES;
				CLANG_ENABLE_OBJC_WEAK = YES;
				CLANG_WARN_BLOCK_CAPTURE_AUTORELEASING = YES;
				CLANG_WARN_BOOL_CONVERSION = YES;
				CLANG_WARN_COMMA = YES;
				CLANG_WARN_CONSTANT_CONVERSION = YES;
				CLANG_WARN_DEPRECATED_OBJC_IMPLEMENTATIONS = YES;
				CLANG_WARN_DIRECT_OBJC_ISA_USAGE = YES_ERROR;
				CLANG_WARN_DOCUMENTATION_COMMENTS = YES;
				CLANG_WARN_EMPTY_BODY = YES;
				CLANG_WARN_ENUM_CONVERSION = YES;
				CLANG_WARN_INFINITE_RECURSION = YES;
				CLANG_WARN_INT_CONVERSION = YES;
				CLANG_WARN_NON_LITERAL_NULL_CONVERSION = YES;
				CLANG_WARN_OBJC_IMPLICIT_RETAIN_SELF = YES;
				CLANG_WARN_OBJC_LITERAL_CONVERSION = YES;
				CLANG_WARN_OBJC_ROOT_CLASS = YES_ERROR;
				CLANG_WARN_RANGE_LOOP_ANALYSIS = YES;
				CLANG_WARN_STRICT_PROTOTYPES = YES;
				CLANG_WARN_SUSPICIOUS_MOVE = YES;
				CLANG_WARN_UNGUARDED_AVAILABILITY = YES_AGGRESSIVE;
				CLANG_WARN_UNREACHABLE_CODE = YES;
				CLANG_WARN__DUPLICATE_METHOD_MATCH = YES;
				COPY_PHASE_STRIP = NO;
				DEBUG_INFORMATION_FORMAT = "dwarf-with-dsym";
				ENABLE_NS_ASSERTIONS = NO;
				ENABLE_STRICT_OBJC_MSGSEND = YES;
				GCC_C_LANGUAGE_STANDARD = gnu11;
				GCC_NO_COMMON_BLOCKS = YES;
				GCC_WARN_64_TO_32_BIT_CONVERSION = YES;
				GCC_WARN_ABOUT_RETURN_TYPE = YES_ERROR;
				GCC_WARN_UNDECLARED_SELECTOR = YES;
				GCC_WARN_UNINITIALIZED_AUTOS = YES_AGGRESSIVE;
				GCC_WARN_UNUSED_FUNCTION = YES;
				GCC_WARN_UNUSED_VARIABLE = YES;
				IPHONEOS_DEPLOYMENT_TARGET = 13.4;
				MTL_ENABLE_DEBUG_INFO = NO;
				MTL_FAST_MATH = YES;
				SDKROOT = iphoneos;
				SWIFT_COMPILATION_MODE = wholemodule;
				SWIFT_OPTIMIZATION_LEVEL = "-O";
				VALIDATE_PRODUCT = YES;
			};
			name = Release;
		};
		C3E609852448C4280064A7FF /* Debug */ = {
			isa = XCBuildConfiguration;
			buildSettings = {
				ASSETCATALOG_COMPILER_APPICON_NAME = AppIcon;
				CODE_SIGN_STYLE = Automatic;
				DEVELOPMENT_TEAM = 6KBX2U5F58;
				INFOPLIST_FILE = MyProperties/Info.plist;
				LD_RUNPATH_SEARCH_PATHS = (
					"$(inherited)",
					"@executable_path/Frameworks",
				);
				PRODUCT_BUNDLE_IDENTIFIER = PK.MyProperties;
				PRODUCT_NAME = "$(TARGET_NAME)";
				SWIFT_VERSION = 5.0;
				TARGETED_DEVICE_FAMILY = "1,2";
			};
			name = Debug;
		};
		C3E609862448C4280064A7FF /* Release */ = {
			isa = XCBuildConfiguration;
			buildSettings = {
				ASSETCATALOG_COMPILER_APPICON_NAME = AppIcon;
				CODE_SIGN_STYLE = Automatic;
				DEVELOPMENT_TEAM = 6KBX2U5F58;
				INFOPLIST_FILE = MyProperties/Info.plist;
				LD_RUNPATH_SEARCH_PATHS = (
					"$(inherited)",
					"@executable_path/Frameworks",
				);
				PRODUCT_BUNDLE_IDENTIFIER = PK.MyProperties;
				PRODUCT_NAME = "$(TARGET_NAME)";
				SWIFT_VERSION = 5.0;
				TARGETED_DEVICE_FAMILY = "1,2";
			};
			name = Release;
		};
		C3E609882448C4280064A7FF /* Debug */ = {
			isa = XCBuildConfiguration;
			buildSettings = {
				ALWAYS_EMBED_SWIFT_STANDARD_LIBRARIES = YES;
				BUNDLE_LOADER = "$(TEST_HOST)";
				CODE_SIGN_STYLE = Automatic;
				DEVELOPMENT_TEAM = 6KBX2U5F58;
				INFOPLIST_FILE = MyPropertiesTests/Info.plist;
				IPHONEOS_DEPLOYMENT_TARGET = 13.4;
				LD_RUNPATH_SEARCH_PATHS = (
					"$(inherited)",
					"@executable_path/Frameworks",
					"@loader_path/Frameworks",
				);
				PRODUCT_BUNDLE_IDENTIFIER = PK.MyPropertiesTests;
				PRODUCT_NAME = "$(TARGET_NAME)";
				SWIFT_VERSION = 5.0;
				TARGETED_DEVICE_FAMILY = "1,2";
				TEST_HOST = "$(BUILT_PRODUCTS_DIR)/MyProperties.app/MyProperties";
			};
			name = Debug;
		};
		C3E609892448C4280064A7FF /* Release */ = {
			isa = XCBuildConfiguration;
			buildSettings = {
				ALWAYS_EMBED_SWIFT_STANDARD_LIBRARIES = YES;
				BUNDLE_LOADER = "$(TEST_HOST)";
				CODE_SIGN_STYLE = Automatic;
				DEVELOPMENT_TEAM = 6KBX2U5F58;
				INFOPLIST_FILE = MyPropertiesTests/Info.plist;
				IPHONEOS_DEPLOYMENT_TARGET = 13.4;
				LD_RUNPATH_SEARCH_PATHS = (
					"$(inherited)",
					"@executable_path/Frameworks",
					"@loader_path/Frameworks",
				);
				PRODUCT_BUNDLE_IDENTIFIER = PK.MyPropertiesTests;
				PRODUCT_NAME = "$(TARGET_NAME)";
				SWIFT_VERSION = 5.0;
				TARGETED_DEVICE_FAMILY = "1,2";
				TEST_HOST = "$(BUILT_PRODUCTS_DIR)/MyProperties.app/MyProperties";
			};
			name = Release;
		};
/* End XCBuildConfiguration section */

/* Begin XCConfigurationList section */
		C3E609602448C4250064A7FF /* Build configuration list for PBXProject "MyProperties" */ = {
			isa = XCConfigurationList;
			buildConfigurations = (
				C3E609822448C4280064A7FF /* Debug */,
				C3E609832448C4280064A7FF /* Release */,
			);
			defaultConfigurationIsVisible = 0;
			defaultConfigurationName = Release;
		};
		C3E609842448C4280064A7FF /* Build configuration list for PBXNativeTarget "MyProperties" */ = {
			isa = XCConfigurationList;
			buildConfigurations = (
				C3E609852448C4280064A7FF /* Debug */,
				C3E609862448C4280064A7FF /* Release */,
			);
			defaultConfigurationIsVisible = 0;
			defaultConfigurationName = Release;
		};
		C3E609872448C4280064A7FF /* Build configuration list for PBXNativeTarget "MyPropertiesTests" */ = {
			isa = XCConfigurationList;
			buildConfigurations = (
				C3E609882448C4280064A7FF /* Debug */,
				C3E609892448C4280064A7FF /* Release */,
			);
			defaultConfigurationIsVisible = 0;
			defaultConfigurationName = Release;
		};
/* End XCConfigurationList section */
	};
	rootObject = C3E6095D2448C4250064A7FF /* Project object */;
}
